
Microsoft Visual Studio Solution File, Format Version 12.00
# Visual Studio Version 17
VisualStudioVersion = 17.8.34309.116
MinimumVisualStudioVersion = 10.0.40219.1
Project("{FAE04EC0-301F-11D3-BF4B-00C04F79EFBC}") = "PRET_H", "PRET_H.csproj", "{673E9EE2-CE70-4C54-99AC-809B85C64549}"
EndProject
Global
	GlobalSection(SolutionConfigurationPlatforms) = preSolution
		Debug|Any CPU = Debug|Any CPU
		Release|Any CPU = Release|Any CPU
	EndGlobalSection
	GlobalSection(ProjectConfigurationPlatforms) = postSolution
		{673E9EE2-CE70-4C54-99AC-809B85C64549}.Debug|Any CPU.ActiveCfg = Debug|Any CPU
		{673E9EE2-CE70-4C54-99AC-809B85C64549}.Debug|Any CPU.Build.0 = Debug|Any CPU
		{673E9EE2-CE70-4C54-99AC-809B85C64549}.Release|Any CPU.ActiveCfg = Release|Any CPU
		{673E9EE2-CE70-4C54-99AC-809B85C64549}.Release|Any CPU.Build.0 = Release|Any CPU
	EndGlobalSection
	GlobalSection(SolutionProperties) = preSolution
		HideSolutionNode = FALSE
	EndGlobalSection
	GlobalSection(ExtensibilityGlobals) = postSolution
		SolutionGuid = {92D6E24C-5385-4E6D-8ED9-6A4347A0CB81}
	EndGlobalSection
EndGlobal
