
Microsoft Visual Studio Solution File, Format Version 12.00
# Visual Studio Version 17
VisualStudioVersion = 17.8.34309.116
MinimumVisualStudioVersion = 10.0.40219.1
Project("{FAE04EC0-301F-11D3-BF4B-00C04F79EFBC}") = "PRET_K", "PRET_K.csproj", "{F6BE8DE0-24C5-423C-A85D-625B66DFB42A}"
EndProject
Global
	GlobalSection(SolutionConfigurationPlatforms) = preSolution
		Debug|Any CPU = Debug|Any CPU
		Release|Any CPU = Release|Any CPU
	EndGlobalSection
	GlobalSection(ProjectConfigurationPlatforms) = postSolution
		{F6BE8DE0-24C5-423C-A85D-625B66DFB42A}.Debug|Any CPU.ActiveCfg = Debug|Any CPU
		{F6BE8DE0-24C5-423C-A85D-625B66DFB42A}.Debug|Any CPU.Build.0 = Debug|Any CPU
		{F6BE8DE0-24C5-423C-A85D-625B66DFB42A}.Release|Any CPU.ActiveCfg = Release|Any CPU
		{F6BE8DE0-24C5-423C-A85D-625B66DFB42A}.Release|Any CPU.Build.0 = Release|Any CPU
	EndGlobalSection
	GlobalSection(SolutionProperties) = preSolution
		HideSolutionNode = FALSE
	EndGlobalSection
	GlobalSection(ExtensibilityGlobals) = postSolution
		SolutionGuid = {63F96EB5-A259-4BEE-941E-9C207839633B}
	EndGlobalSection
EndGlobal
